{
  "name": "fighting-role",
  "version": "1.0.0",
  "lockfileVersion": 1,
  "requires": true,
  "dependencies": {
    "json5": {
      "version": "2.2.1",
      "resolved": "https://registry.npmjs.org/json5/-/json5-2.2.1.tgz",
      "integrity": "sha512-1hqLFMSrGHRHxav9q9gNjJ5EXznIxGVO09xQRrwplcS8qs28pZ8s8hupZAmqDwZUmVZ2Qb2jnyPOWcDH8m8dlA=="
    },
    "tsc-hooks": {
      "version": "1.1.1",
      "resolved": "https://registry.npmjs.org/tsc-hooks/-/tsc-hooks-1.1.1.tgz",
      "integrity": "sha512-IqEcFlxAxJwf1eeu+TT5VALC5k5RiImXOGd/fTAMCQI3p4bdG6uVdDoP2zeM9YwqAG5detMg6Ka7b2ewlUMVbQ==",
      "requires": {
        "json5": "^2.2.0",
        "typescript": "^4.3.2"
      }
    },
    "typescript": {
      "version": "4.6.3",
      "resolved": "https://registry.npmjs.org/typescript/-/typescript-4.6.3.tgz",
      "integrity": "sha512-yNIatDa5iaofVozS/uQJEl3JRWLKKGJKh6Yaiv0GLGSuhpFJe7P3SbHZ8/yjAHRQwKRoA6YZqlfjXWmVzoVSMw=="
    }
  }
}
